{
  "name": "the-botcave",
  "version": "1.0.0",
  "lockfileVersion": 1,
  "requires": true,
  "dependencies": {
    "node-twitterbot": {
      "version": "0.2.2",
      "resolved": "https://registry.npmjs.org/node-twitterbot/-/node-twitterbot-0.2.2.tgz",
      "integrity": "sha1-FF1TI3V+9qOARDzqwRdjtUoJ1Yg=",
      "requires": {
        "twit": "~1.1.11"
      },
      "dependencies": {
        "twit": {
          "version": "1.1.20",
          "resolved": "https://registry.npmjs.org/twit/-/twit-1.1.20.tgz",
          "integrity": "sha1-Fw5n0Bh5hILK8pmN1Mb48py1SGE=",
          "requires": {
            "oauth": "0.9.9"
          }
        }
      }
    },
    "oauth": {
      "version": "0.9.9",
      "resolved": "https://registry.npmjs.org/oauth/-/oauth-0.9.9.tgz",
      "integrity": "sha1-7/EAAWHbZBrgyCbZl4mV83xG6Gk="
    }
  }
}
